
Microsoft Visual Studio Solution File, Format Version 12.00
# Visual Studio Version 17
VisualStudioVersion = 17.8.34511.84
MinimumVisualStudioVersion = 10.0.40219.1
Project("{9A19103F-16F7-4668-BE54-9A1E7A4F7556}") = "Diagrammatic_test", "Diagrammatic_test.csproj", "{48BBD8BC-8909-4BDA-BBE6-78A62567B21A}"
EndProject
Global
	GlobalSection(SolutionConfigurationPlatforms) = preSolution
		Debug|Any CPU = Debug|Any CPU
		Release|Any CPU = Release|Any CPU
	EndGlobalSection
	GlobalSection(ProjectConfigurationPlatforms) = postSolution
		{48BBD8BC-8909-4BDA-BBE6-78A62567B21A}.Debug|Any CPU.ActiveCfg = Debug|Any CPU
		{48BBD8BC-8909-4BDA-BBE6-78A62567B21A}.Debug|Any CPU.Build.0 = Debug|Any CPU
		{48BBD8BC-8909-4BDA-BBE6-78A62567B21A}.Release|Any CPU.ActiveCfg = Release|Any CPU
		{48BBD8BC-8909-4BDA-BBE6-78A62567B21A}.Release|Any CPU.Build.0 = Release|Any CPU
	EndGlobalSection
	GlobalSection(SolutionProperties) = preSolution
		HideSolutionNode = FALSE
	EndGlobalSection
	GlobalSection(ExtensibilityGlobals) = postSolution
		SolutionGuid = {DC095BBC-0F4C-4539-A6B9-5C2B4EDDD52B}
	EndGlobalSection
EndGlobal
